// !$*UTF8*$!
{
	archiveVersion = 1;
	classes = {
	};
	objectVersion = 45;
	objects = {

/* Begin PBXBuildFile section */
		1D60589F0D05DD5A006BFB54 /* Foundation.framework in Frameworks */ = {isa = PBXBuildFile; fileRef = 1D30AB110D05D00D00671497 /* Foundation.framework */; };
		1DF5F4E00D08C38300B7A737 /* UIKit.framework in Frameworks */ = {isa = PBXBuildFile; fileRef = 1DF5F4DF0D08C38300B7A737 /* UIKit.framework */; };
		28860BE50F44EE6400985440 /* CoreData.framework in Frameworks */ = {isa = PBXBuildFile; fileRef = 28860BE40F44EE6400985440 /* CoreData.framework */; };
		2892E4100DC94CBA00A64D0F /* CoreGraphics.framework in Frameworks */ = {isa = PBXBuildFile; fileRef = 2892E40F0DC94CBA00A64D0F /* CoreGraphics.framework */; };
		28D3F202112F7DC200FD0661 /* iBunpou.xcdatamodeld in Sources */ = {isa = PBXBuildFile; fileRef = 28D3F201112F7DC200FD0661 /* iBunpou.xcdatamodeld */; };
		F4B1C2541476A49300906BE2 /* CDataScanner.m in Sources */ = {isa = PBXBuildFile; fileRef = F4B1C2471476A49300906BE2 /* CDataScanner.m */; };
		F4B1C2551476A49300906BE2 /* CJSONDeserializer.m in Sources */ = {isa = PBXBuildFile; fileRef = F4B1C2491476A49300906BE2 /* CJSONDeserializer.m */; };
		F4B1C2561476A49300906BE2 /* CJSONScanner.m in Sources */ = {isa = PBXBuildFile; fileRef = F4B1C24B1476A49300906BE2 /* CJSONScanner.m */; };
		F4B1C2571476A49300906BE2 /* CJSONSerializer.m in Sources */ = {isa = PBXBuildFile; fileRef = F4B1C24D1476A49300906BE2 /* CJSONSerializer.m */; };
		F4B1C2581476A49300906BE2 /* CDataScanner_Extensions.m in Sources */ = {isa = PBXBuildFile; fileRef = F4B1C2501476A49300906BE2 /* CDataScanner_Extensions.m */; };
		F4B1C2591476A49300906BE2 /* NSDictionary_JSONExtensions.m in Sources */ = {isa = PBXBuildFile; fileRef = F4B1C2521476A49300906BE2 /* NSDictionary_JSONExtensions.m */; };
		F4B1C25E1476A4C300906BE2 /* affixes.json in Resources */ = {isa = PBXBuildFile; fileRef = F4B1C25C1476A4C300906BE2 /* affixes.json */; };
		F4B1C2611476A4E500906BE2 /* full.fst in Resources */ = {isa = PBXBuildFile; fileRef = F4B1C2601476A4E500906BE2 /* full.fst */; };
		F4B1C2631476A4F000906BE2 /* kr_converter.fst in Resources */ = {isa = PBXBuildFile; fileRef = F4B1C2621476A4F000906BE2 /* kr_converter.fst */; };
		F4B1C2651476A4FD00906BE2 /* rk_converter.fst in Resources */ = {isa = PBXBuildFile; fileRef = F4B1C2641476A4FD00906BE2 /* rk_converter.fst */; };
		F4B1C26A1476A51200906BE2 /* MainView.xib in Resources */ = {isa = PBXBuildFile; fileRef = F4B1C2661476A51200906BE2 /* MainView.xib */; };
		F4B1C26B1476A51200906BE2 /* MainWindow.xib in Resources */ = {isa = PBXBuildFile; fileRef = F4B1C2681476A51200906BE2 /* MainWindow.xib */; };
		F4B1C26D1476A53400906BE2 /* libxfsm.dylib in Frameworks */ = {isa = PBXBuildFile; fileRef = F4B1C26C1476A53400906BE2 /* libxfsm.dylib */; };
		F4B1C2901476A5AD00906BE2 /* ReadMe.txt in Resources */ = {isa = PBXBuildFile; fileRef = F4B1C28F1476A5AD00906BE2 /* ReadMe.txt */; };
		F4B1C2B71476ADB200906BE2 /* PhraseViewController.xib in Resources */ = {isa = PBXBuildFile; fileRef = F4B1C2B61476ADB200906BE2 /* PhraseViewController.xib */; };
		F4B1C2D314775FF900906BE2 /* full_unclean.fst in Resources */ = {isa = PBXBuildFile; fileRef = F4B1C2D214775FF900906BE2 /* full_unclean.fst */; };
		F4B1C35D1477769500906BE2 /* XFSM_Wrap.mm in Sources */ = {isa = PBXBuildFile; fileRef = F4B1C35C1477769500906BE2 /* XFSM_Wrap.mm */; };
		F4C6B2E61476A3DD00F30721 /* Affix.m in Sources */ = {isa = PBXBuildFile; fileRef = F4C6B2E51476A3DD00F30721 /* Affix.m */; };
		F4C6B2E91476A3EF00F30721 /* AppDelegate.m in Sources */ = {isa = PBXBuildFile; fileRef = F4C6B2E81476A3EF00F30721 /* AppDelegate.m */; };
		F4C6B2F11476A40900F30721 /* main.m in Sources */ = {isa = PBXBuildFile; fileRef = F4C6B2EA1476A40900F30721 /* main.m */; };
		F4C6B2F21476A40900F30721 /* MainViewController.m in Sources */ = {isa = PBXBuildFile; fileRef = F4C6B2EC1476A40900F30721 /* MainViewController.m */; };
		F4C6B2F31476A40900F30721 /* Phrase.m in Sources */ = {isa = PBXBuildFile; fileRef = F4C6B2EE1476A40900F30721 /* Phrase.m */; };
		F4C6B2F41476A40900F30721 /* PhraseViewController.m in Sources */ = {isa = PBXBuildFile; fileRef = F4C6B2F01476A40900F30721 /* PhraseViewController.m */; };
		F4C6B2F71476A43F00F30721 /* XFSMInterface.cpp in Sources */ = {isa = PBXBuildFile; fileRef = F4C6B2F51476A43F00F30721 /* XFSMInterface.cpp */; };
/* End PBXBuildFile section */

/* Begin PBXFileReference section */
		1D30AB110D05D00D00671497 /* Foundation.framework */ = {isa = PBXFileReference; lastKnownFileType = wrapper.framework; name = Foundation.framework; path = System/Library/Frameworks/Foundation.framework; sourceTree = SDKROOT; };
		1D6058910D05DD3D006BFB54 /* iBunpou.app */ = {isa = PBXFileReference; explicitFileType = wrapper.application; includeInIndex = 0; path = iBunpou.app; sourceTree = BUILT_PRODUCTS_DIR; };
		1DF5F4DF0D08C38300B7A737 /* UIKit.framework */ = {isa = PBXFileReference; lastKnownFileType = wrapper.framework; name = UIKit.framework; path = System/Library/Frameworks/UIKit.framework; sourceTree = SDKROOT; };
		28860B760F44E54D00985440 /* iBunpou.xcdatamodel */ = {isa = PBXFileReference; fileEncoding = 4; lastKnownFileType = wrapper.xcdatamodel; path = iBunpou.xcdatamodel; sourceTree = "<group>"; };
		28860BE40F44EE6400985440 /* CoreData.framework */ = {isa = PBXFileReference; lastKnownFileType = wrapper.framework; name = CoreData.framework; path = System/Library/Frameworks/CoreData.framework; sourceTree = SDKROOT; };
		2892E40F0DC94CBA00A64D0F /* CoreGraphics.framework */ = {isa = PBXFileReference; lastKnownFileType = wrapper.framework; name = CoreGraphics.framework; path = System/Library/Frameworks/CoreGraphics.framework; sourceTree = SDKROOT; };
		8D1107310486CEB800E47090 /* iBunpou-Info.plist */ = {isa = PBXFileReference; fileEncoding = 4; lastKnownFileType = text.plist.xml; path = "iBunpou-Info.plist"; plistStructureDefinitionIdentifier = "com.apple.xcode.plist.structure-definition.iphone.info-plist"; sourceTree = "<group>"; };
		F4B1C2461476A49300906BE2 /* CDataScanner.h */ = {isa = PBXFileReference; fileEncoding = 4; lastKnownFileType = sourcecode.c.h; path = CDataScanner.h; sourceTree = "<group>"; };
		F4B1C2471476A49300906BE2 /* CDataScanner.m */ = {isa = PBXFileReference; fileEncoding = 4; lastKnownFileType = sourcecode.c.objc; path = CDataScanner.m; sourceTree = "<group>"; };
		F4B1C2481476A49300906BE2 /* CJSONDeserializer.h */ = {isa = PBXFileReference; fileEncoding = 4; lastKnownFileType = sourcecode.c.h; path = CJSONDeserializer.h; sourceTree = "<group>"; };
		F4B1C2491476A49300906BE2 /* CJSONDeserializer.m */ = {isa = PBXFileReference; fileEncoding = 4; lastKnownFileType = sourcecode.c.objc; path = CJSONDeserializer.m; sourceTree = "<group>"; };
		F4B1C24A1476A49300906BE2 /* CJSONScanner.h */ = {isa = PBXFileReference; fileEncoding = 4; lastKnownFileType = sourcecode.c.h; path = CJSONScanner.h; sourceTree = "<group>"; };
		F4B1C24B1476A49300906BE2 /* CJSONScanner.m */ = {isa = PBXFileReference; fileEncoding = 4; lastKnownFileType = sourcecode.c.objc; path = CJSONScanner.m; sourceTree = "<group>"; };
		F4B1C24C1476A49300906BE2 /* CJSONSerializer.h */ = {isa = PBXFileReference; fileEncoding = 4; lastKnownFileType = sourcecode.c.h; path = CJSONSerializer.h; sourceTree = "<group>"; };
		F4B1C24D1476A49300906BE2 /* CJSONSerializer.m */ = {isa = PBXFileReference; fileEncoding = 4; lastKnownFileType = sourcecode.c.objc; path = CJSONSerializer.m; sourceTree = "<group>"; };
		F4B1C24F1476A49300906BE2 /* CDataScanner_Extensions.h */ = {isa = PBXFileReference; fileEncoding = 4; lastKnownFileType = sourcecode.c.h; path = CDataScanner_Extensions.h; sourceTree = "<group>"; };
		F4B1C2501476A49300906BE2 /* CDataScanner_Extensions.m */ = {isa = PBXFileReference; fileEncoding = 4; lastKnownFileType = sourcecode.c.objc; path = CDataScanner_Extensions.m; sourceTree = "<group>"; };
		F4B1C2511476A49300906BE2 /* NSDictionary_JSONExtensions.h */ = {isa = PBXFileReference; fileEncoding = 4; lastKnownFileType = sourcecode.c.h; path = NSDictionary_JSONExtensions.h; sourceTree = "<group>"; };
		F4B1C2521476A49300906BE2 /* NSDictionary_JSONExtensions.m */ = {isa = PBXFileReference; fileEncoding = 4; lastKnownFileType = sourcecode.c.objc; path = NSDictionary_JSONExtensions.m; sourceTree = "<group>"; };
		F4B1C2531476A49300906BE2 /* JSONRepresentation.h */ = {isa = PBXFileReference; fileEncoding = 4; lastKnownFileType = sourcecode.c.h; path = JSONRepresentation.h; sourceTree = "<group>"; };
		F4B1C25B1476A4B600906BE2 /* xfsm_api.h */ = {isa = PBXFileReference; fileEncoding = 4; lastKnownFileType = sourcecode.c.h; path = xfsm_api.h; sourceTree = "<group>"; };
		F4B1C25C1476A4C300906BE2 /* affixes.json */ = {isa = PBXFileReference; fileEncoding = 4; lastKnownFileType = text; path = affixes.json; sourceTree = "<group>"; };
		F4B1C2601476A4E500906BE2 /* full.fst */ = {isa = PBXFileReference; lastKnownFileType = file; path = full.fst; sourceTree = "<group>"; };
		F4B1C2621476A4F000906BE2 /* kr_converter.fst */ = {isa = PBXFileReference; lastKnownFileType = file; path = kr_converter.fst; sourceTree = "<group>"; };
		F4B1C2641476A4FD00906BE2 /* rk_converter.fst */ = {isa = PBXFileReference; lastKnownFileType = file; path = rk_converter.fst; sourceTree = "<group>"; };
		F4B1C2671476A51200906BE2 /* en */ = {isa = PBXFileReference; lastKnownFileType = file.xib; name = en; path = en.lproj/MainView.xib; sourceTree = "<group>"; };
		F4B1C2691476A51200906BE2 /* en */ = {isa = PBXFileReference; lastKnownFileType = file.xib; name = en; path = en.lproj/MainWindow.xib; sourceTree = "<group>"; };
		F4B1C26C1476A53400906BE2 /* libxfsm.dylib */ = {isa = PBXFileReference; lastKnownFileType = "compiled.mach-o.dylib"; name = libxfsm.dylib; path = "/Users/dgraham/Documents/workspace/iBunpou (old)/libxfsm.dylib"; sourceTree = "<absolute>"; };
		F4B1C28F1476A5AD00906BE2 /* ReadMe.txt */ = {isa = PBXFileReference; fileEncoding = 4; lastKnownFileType = text; path = ReadMe.txt; sourceTree = "<group>"; };
		F4B1C2A21476AD2E00906BE2 /* iBunpou_Prefix.pch */ = {isa = PBXFileReference; fileEncoding = 4; lastKnownFileType = sourcecode.c.h; path = iBunpou_Prefix.pch; sourceTree = "<group>"; };
		F4B1C2B61476ADB200906BE2 /* PhraseViewController.xib */ = {isa = PBXFileReference; lastKnownFileType = file.xib; path = PhraseViewController.xib; sourceTree = "<group>"; };
		F4B1C2D214775FF900906BE2 /* full_unclean.fst */ = {isa = PBXFileReference; lastKnownFileType = file; path = full_unclean.fst; sourceTree = "<group>"; };
		F4B1C35B1477769500906BE2 /* XFSM_Wrap.h */ = {isa = PBXFileReference; fileEncoding = 4; lastKnownFileType = sourcecode.c.h; path = XFSM_Wrap.h; sourceTree = "<group>"; };
		F4B1C35C1477769500906BE2 /* XFSM_Wrap.mm */ = {isa = PBXFileReference; fileEncoding = 4; lastKnownFileType = sourcecode.cpp.objcpp; path = XFSM_Wrap.mm; sourceTree = "<group>"; };
		F4C6B2E41476A3DD00F30721 /* Affix.h */ = {isa = PBXFileReference; fileEncoding = 4; lastKnownFileType = sourcecode.c.h; path = Affix.h; sourceTree = "<group>"; };
		F4C6B2E51476A3DD00F30721 /* Affix.m */ = {isa = PBXFileReference; fileEncoding = 4; lastKnownFileType = sourcecode.c.objc; path = Affix.m; sourceTree = "<group>"; };
		F4C6B2E71476A3EF00F30721 /* AppDelegate.h */ = {isa = PBXFileReference; fileEncoding = 4; lastKnownFileType = sourcecode.c.h; path = AppDelegate.h; sourceTree = "<group>"; };
		F4C6B2E81476A3EF00F30721 /* AppDelegate.m */ = {isa = PBXFileReference; fileEncoding = 4; lastKnownFileType = sourcecode.c.objc; path = AppDelegate.m; sourceTree = "<group>"; };
		F4C6B2EA1476A40900F30721 /* main.m */ = {isa = PBXFileReference; fileEncoding = 4; lastKnownFileType = sourcecode.c.objc; path = main.m; sourceTree = "<group>"; };
		F4C6B2EB1476A40900F30721 /* MainViewController.h */ = {isa = PBXFileReference; fileEncoding = 4; lastKnownFileType = sourcecode.c.h; path = MainViewController.h; sourceTree = "<group>"; };
		F4C6B2EC1476A40900F30721 /* MainViewController.m */ = {isa = PBXFileReference; fileEncoding = 4; lastKnownFileType = sourcecode.c.objc; path = MainViewController.m; sourceTree = "<group>"; };
		F4C6B2ED1476A40900F30721 /* Phrase.h */ = {isa = PBXFileReference; fileEncoding = 4; lastKnownFileType = sourcecode.c.h; path = Phrase.h; sourceTree = "<group>"; };
		F4C6B2EE1476A40900F30721 /* Phrase.m */ = {isa = PBXFileReference; fileEncoding = 4; lastKnownFileType = sourcecode.c.objc; path = Phrase.m; sourceTree = "<group>"; };
		F4C6B2EF1476A40900F30721 /* PhraseViewController.h */ = {isa = PBXFileReference; fileEncoding = 4; lastKnownFileType = sourcecode.c.h; path = PhraseViewController.h; sourceTree = "<group>"; };
		F4C6B2F01476A40900F30721 /* PhraseViewController.m */ = {isa = PBXFileReference; fileEncoding = 4; lastKnownFileType = sourcecode.c.objc; path = PhraseViewController.m; sourceTree = "<group>"; };
		F4C6B2F51476A43F00F30721 /* XFSMInterface.cpp */ = {isa = PBXFileReference; fileEncoding = 4; lastKnownFileType = sourcecode.cpp.cpp; path = XFSMInterface.cpp; sourceTree = "<group>"; };
		F4C6B2F61476A43F00F30721 /* XFSMInterface.h */ = {isa = PBXFileReference; fileEncoding = 4; lastKnownFileType = sourcecode.c.h; path = XFSMInterface.h; sourceTree = "<group>"; };
/* End PBXFileReference section */

/* Begin PBXFrameworksBuildPhase section */
		1D60588F0D05DD3D006BFB54 /* Frameworks */ = {
			isa = PBXFrameworksBuildPhase;
			buildActionMask = 2147483647;
			files = (
				1D60589F0D05DD5A006BFB54 /* Foundation.framework in Frameworks */,
				1DF5F4E00D08C38300B7A737 /* UIKit.framework in Frameworks */,
				2892E4100DC94CBA00A64D0F /* CoreGraphics.framework in Frameworks */,
				28860BE50F44EE6400985440 /* CoreData.framework in Frameworks */,
				F4B1C26D1476A53400906BE2 /* libxfsm.dylib in Frameworks */,
			);
			runOnlyForDeploymentPostprocessing = 0;
		};
/* End PBXFrameworksBuildPhase section */

/* Begin PBXGroup section */
		080E96DDFE201D6D7F000001 /* Classes */ = {
			isa = PBXGroup;
			children = (
				F4C6B2EA1476A40900F30721 /* main.m */,
				F4C6B2E71476A3EF00F30721 /* AppDelegate.h */,
				F4C6B2E81476A3EF00F30721 /* AppDelegate.m */,
				F4C6B2EB1476A40900F30721 /* MainViewController.h */,
				F4C6B2EC1476A40900F30721 /* MainViewController.m */,
				F4C6B2EF1476A40900F30721 /* PhraseViewController.h */,
				F4C6B2F01476A40900F30721 /* PhraseViewController.m */,
				F4C6B2ED1476A40900F30721 /* Phrase.h */,
				F4C6B2EE1476A40900F30721 /* Phrase.m */,
				F4C6B2E41476A3DD00F30721 /* Affix.h */,
				F4C6B2E51476A3DD00F30721 /* Affix.m */,
				F4B1C35B1477769500906BE2 /* XFSM_Wrap.h */,
				F4B1C35C1477769500906BE2 /* XFSM_Wrap.mm */,
				F4C6B2F61476A43F00F30721 /* XFSMInterface.h */,
				F4C6B2F51476A43F00F30721 /* XFSMInterface.cpp */,
			);
			path = Classes;
			sourceTree = "<group>";
		};
		19C28FACFE9D520D11CA2CBB /* Products */ = {
			isa = PBXGroup;
			children = (
				1D6058910D05DD3D006BFB54 /* iBunpou.app */,
			);
			name = Products;
			sourceTree = "<group>";
		};
		29B97314FDCFA39411CA2CEA /* CustomTemplate */ = {
			isa = PBXGroup;
			children = (
				F4B1C28F1476A5AD00906BE2 /* ReadMe.txt */,
				080E96DDFE201D6D7F000001 /* Classes */,
				29B97315FDCFA39411CA2CEA /* Other Sources */,
				29B97317FDCFA39411CA2CEA /* Resources */,
				29B97323FDCFA39411CA2CEA /* Frameworks */,
				19C28FACFE9D520D11CA2CBB /* Products */,
			);
			name = CustomTemplate;
			sourceTree = "<group>";
		};
		29B97315FDCFA39411CA2CEA /* Other Sources */ = {
			isa = PBXGroup;
			children = (
				F4B1C2A21476AD2E00906BE2 /* iBunpou_Prefix.pch */,
				F4B1C25B1476A4B600906BE2 /* xfsm_api.h */,
				F4B1C2451476A49300906BE2 /* JSON */,
			);
			name = "Other Sources";
			sourceTree = "<group>";
		};
		29B97317FDCFA39411CA2CEA /* Resources */ = {
			isa = PBXGroup;
			children = (
				F4B1C2B61476ADB200906BE2 /* PhraseViewController.xib */,
				F4B1C2661476A51200906BE2 /* MainView.xib */,
				F4B1C2681476A51200906BE2 /* MainWindow.xib */,
				F4B1C2641476A4FD00906BE2 /* rk_converter.fst */,
				F4B1C2621476A4F000906BE2 /* kr_converter.fst */,
				F4B1C2601476A4E500906BE2 /* full.fst */,
				F4B1C2D214775FF900906BE2 /* full_unclean.fst */,
				F4B1C25C1476A4C300906BE2 /* affixes.json */,
				28D3F201112F7DC200FD0661 /* iBunpou.xcdatamodeld */,
				8D1107310486CEB800E47090 /* iBunpou-Info.plist */,
			);
			name = Resources;
			sourceTree = "<group>";
		};
		29B97323FDCFA39411CA2CEA /* Frameworks */ = {
			isa = PBXGroup;
			children = (
				1DF5F4DF0D08C38300B7A737 /* UIKit.framework */,
				1D30AB110D05D00D00671497 /* Foundation.framework */,
				2892E40F0DC94CBA00A64D0F /* CoreGraphics.framework */,
				28860BE40F44EE6400985440 /* CoreData.framework */,
				F4B1C26C1476A53400906BE2 /* libxfsm.dylib */,
			);
			name = Frameworks;
			sourceTree = "<group>";
		};
		F4B1C2451476A49300906BE2 /* JSON */ = {
			isa = PBXGroup;
			children = (
				F4B1C2461476A49300906BE2 /* CDataScanner.h */,
				F4B1C2471476A49300906BE2 /* CDataScanner.m */,
				F4B1C2481476A49300906BE2 /* CJSONDeserializer.h */,
				F4B1C2491476A49300906BE2 /* CJSONDeserializer.m */,
				F4B1C24A1476A49300906BE2 /* CJSONScanner.h */,
				F4B1C24B1476A49300906BE2 /* CJSONScanner.m */,
				F4B1C24C1476A49300906BE2 /* CJSONSerializer.h */,
				F4B1C24D1476A49300906BE2 /* CJSONSerializer.m */,
				F4B1C24E1476A49300906BE2 /* Extensions */,
				F4B1C2531476A49300906BE2 /* JSONRepresentation.h */,
			);
			path = JSON;
			sourceTree = "<group>";
		};
		F4B1C24E1476A49300906BE2 /* Extensions */ = {
			isa = PBXGroup;
			children = (
				F4B1C24F1476A49300906BE2 /* CDataScanner_Extensions.h */,
				F4B1C2501476A49300906BE2 /* CDataScanner_Extensions.m */,
				F4B1C2511476A49300906BE2 /* NSDictionary_JSONExtensions.h */,
				F4B1C2521476A49300906BE2 /* NSDictionary_JSONExtensions.m */,
			);
			path = Extensions;
			sourceTree = "<group>";
		};
/* End PBXGroup section */

/* Begin PBXNativeTarget section */
		1D6058900D05DD3D006BFB54 /* iBunpou */ = {
			isa = PBXNativeTarget;
			buildConfigurationList = 1D6058960D05DD3E006BFB54 /* Build configuration list for PBXNativeTarget "iBunpou" */;
			buildPhases = (
				1D60588D0D05DD3D006BFB54 /* Resources */,
				1D60588E0D05DD3D006BFB54 /* Sources */,
				1D60588F0D05DD3D006BFB54 /* Frameworks */,
			);
			buildRules = (
			);
			dependencies = (
			);
			name = iBunpou;
			productName = iBunpou;
			productReference = 1D6058910D05DD3D006BFB54 /* iBunpou.app */;
			productType = "com.apple.product-type.application";
		};
/* End PBXNativeTarget section */

/* Begin PBXProject section */
		29B97313FDCFA39411CA2CEA /* Project object */ = {
			isa = PBXProject;
			buildConfigurationList = C01FCF4E08A954540054247B /* Build configuration list for PBXProject "iBunpou" */;
			compatibilityVersion = "Xcode 3.1";
			developmentRegion = English;
			hasScannedForEncodings = 1;
			knownRegions = (
				English,
				Japanese,
				French,
				German,
				en,
			);
			mainGroup = 29B97314FDCFA39411CA2CEA /* CustomTemplate */;
			projectDirPath = "";
			projectRoot = "";
			targets = (
				1D6058900D05DD3D006BFB54 /* iBunpou */,
			);
		};
/* End PBXProject section */

/* Begin PBXResourcesBuildPhase section */
		1D60588D0D05DD3D006BFB54 /* Resources */ = {
			isa = PBXResourcesBuildPhase;
			buildActionMask = 2147483647;
			files = (
				F4B1C25E1476A4C300906BE2 /* affixes.json in Resources */,
				F4B1C2611476A4E500906BE2 /* full.fst in Resources */,
				F4B1C2631476A4F000906BE2 /* kr_converter.fst in Resources */,
				F4B1C2651476A4FD00906BE2 /* rk_converter.fst in Resources */,
				F4B1C26A1476A51200906BE2 /* MainView.xib in Resources */,
				F4B1C26B1476A51200906BE2 /* MainWindow.xib in Resources */,
				F4B1C2901476A5AD00906BE2 /* ReadMe.txt in Resources */,
				F4B1C2B71476ADB200906BE2 /* PhraseViewController.xib in Resources */,
				F4B1C2D314775FF900906BE2 /* full_unclean.fst in Resources */,
			);
			runOnlyForDeploymentPostprocessing = 0;
		};
/* End PBXResourcesBuildPhase section */

/* Begin PBXSourcesBuildPhase section */
		1D60588E0D05DD3D006BFB54 /* Sources */ = {
			isa = PBXSourcesBuildPhase;
			buildActionMask = 2147483647;
			files = (
				28D3F202112F7DC200FD0661 /* iBunpou.xcdatamodeld in Sources */,
				F4C6B2E61476A3DD00F30721 /* Affix.m in Sources */,
				F4C6B2E91476A3EF00F30721 /* AppDelegate.m in Sources */,
				F4C6B2F11476A40900F30721 /* main.m in Sources */,
				F4C6B2F21476A40900F30721 /* MainViewController.m in Sources */,
				F4C6B2F31476A40900F30721 /* Phrase.m in Sources */,
				F4C6B2F41476A40900F30721 /* PhraseViewController.m in Sources */,
				F4C6B2F71476A43F00F30721 /* XFSMInterface.cpp in Sources */,
				F4B1C2541476A49300906BE2 /* CDataScanner.m in Sources */,
				F4B1C2551476A49300906BE2 /* CJSONDeserializer.m in Sources */,
				F4B1C2561476A49300906BE2 /* CJSONScanner.m in Sources */,
				F4B1C2571476A49300906BE2 /* CJSONSerializer.m in Sources */,
				F4B1C2581476A49300906BE2 /* CDataScanner_Extensions.m in Sources */,
				F4B1C2591476A49300906BE2 /* NSDictionary_JSONExtensions.m in Sources */,
				F4B1C35D1477769500906BE2 /* XFSM_Wrap.mm in Sources */,
			);
			runOnlyForDeploymentPostprocessing = 0;
		};
/* End PBXSourcesBuildPhase section */

/* Begin PBXVariantGroup section */
		F4B1C2661476A51200906BE2 /* MainView.xib */ = {
			isa = PBXVariantGroup;
			children = (
				F4B1C2671476A51200906BE2 /* en */,
			);
			name = MainView.xib;
			sourceTree = "<group>";
		};
		F4B1C2681476A51200906BE2 /* MainWindow.xib */ = {
			isa = PBXVariantGroup;
			children = (
				F4B1C2691476A51200906BE2 /* en */,
			);
			name = MainWindow.xib;
			sourceTree = "<group>";
		};
/* End PBXVariantGroup section */

/* Begin XCBuildConfiguration section */
		1D6058940D05DD3E006BFB54 /* Debug */ = {
			isa = XCBuildConfiguration;
			buildSettings = {
				ALWAYS_SEARCH_USER_PATHS = NO;
				COPY_PHASE_STRIP = NO;
				GCC_DYNAMIC_NO_PIC = NO;
				GCC_OPTIMIZATION_LEVEL = 0;
				GCC_PRECOMPILE_PREFIX_HEADER = YES;
				GCC_PREFIX_HEADER = iBunpou_Prefix.pch;
				INFOPLIST_FILE = "iBunpou-Info.plist";
				LIBRARY_SEARCH_PATHS = (
					"$(inherited)",
					"\"$(SRCROOT)/../iBunpou (old)\"",
				);
				PRODUCT_NAME = iBunpou;
			};
			name = Debug;
		};
		1D6058950D05DD3E006BFB54 /* Release */ = {
			isa = XCBuildConfiguration;
			buildSettings = {
				ALWAYS_SEARCH_USER_PATHS = NO;
				COPY_PHASE_STRIP = YES;
				GCC_PRECOMPILE_PREFIX_HEADER = YES;
				GCC_PREFIX_HEADER = iBunpou_Prefix.pch;
				INFOPLIST_FILE = "iBunpou-Info.plist";
				LIBRARY_SEARCH_PATHS = (
					"$(inherited)",
					"\"$(SRCROOT)/../iBunpou (old)\"",
				);
				PRODUCT_NAME = iBunpou;
				VALIDATE_PRODUCT = YES;
			};
			name = Release;
		};
		C01FCF4F08A954540054247B /* Debug */ = {
			isa = XCBuildConfiguration;
			buildSettings = {
				ARCHS = "$(ARCHS_STANDARD_32_BIT)";
				"CODE_SIGN_IDENTITY[sdk=iphoneos*]" = "iPhone Developer";
				GCC_C_LANGUAGE_STANDARD = c99;
				GCC_WARN_ABOUT_RETURN_TYPE = YES;
				GCC_WARN_UNUSED_VARIABLE = YES;
				PREBINDING = NO;
				SDKROOT = iphoneos4.1;
			};
			name = Debug;
		};
		C01FCF5008A954540054247B /* Release */ = {
			isa = XCBuildConfiguration;
			buildSettings = {
				ARCHS = "$(ARCHS_STANDARD_32_BIT)";
				"CODE_SIGN_IDENTITY[sdk=iphoneos*]" = "iPhone Developer";
				GCC_C_LANGUAGE_STANDARD = c99;
				GCC_WARN_ABOUT_RETURN_TYPE = YES;
				GCC_WARN_UNUSED_VARIABLE = YES;
				OTHER_CFLAGS = "-DNS_BLOCK_ASSERTIONS=1";
				PREBINDING = NO;
				SDKROOT = iphoneos4.1;
			};
			name = Release;
		};
/* End XCBuildConfiguration section */

/* Begin XCConfigurationList section */
		1D6058960D05DD3E006BFB54 /* Build configuration list for PBXNativeTarget "iBunpou" */ = {
			isa = XCConfigurationList;
			buildConfigurations = (
				1D6058940D05DD3E006BFB54 /* Debug */,
				1D6058950D05DD3E006BFB54 /* Release */,
			);
			defaultConfigurationIsVisible = 0;
			defaultConfigurationName = Release;
		};
		C01FCF4E08A954540054247B /* Build configuration list for PBXProject "iBunpou" */ = {
			isa = XCConfigurationList;
			buildConfigurations = (
				C01FCF4F08A954540054247B /* Debug */,
				C01FCF5008A954540054247B /* Release */,
			);
			defaultConfigurationIsVisible = 0;
			defaultConfigurationName = Release;
		};
/* End XCConfigurationList section */

/* Begin XCVersionGroup section */
		28D3F201112F7DC200FD0661 /* iBunpou.xcdatamodeld */ = {
			isa = XCVersionGroup;
			children = (
				28860B760F44E54D00985440 /* iBunpou.xcdatamodel */,
			);
			currentVersion = 28860B760F44E54D00985440 /* iBunpou.xcdatamodel */;
			path = iBunpou.xcdatamodeld;
			sourceTree = "<group>";
			versionGroupType = wrapper.xcdatamodel;
		};
/* End XCVersionGroup section */
	};
	rootObject = 29B97313FDCFA39411CA2CEA /* Project object */;
}
